// !$*UTF8*$!
{
	archiveVersion = 1;
	classes = {
	};
	objectVersion = 48;
	objects = {

/* Begin PBXBuildFile section */
		223BE5851FAE89300012FFD6 /* CGFloat+AX.swift in Sources */ = {isa = PBXBuildFile; fileRef = 223BE5841FAE89300012FFD6 /* CGFloat+AX.swift */; };
		223BE5891FAE89390012FFD6 /* UIFont+AX.swift in Sources */ = {isa = PBXBuildFile; fileRef = 223BE5861FAE89390012FFD6 /* UIFont+AX.swift */; };
		223BE58A1FAE89390012FFD6 /* UIImage+AX.swift in Sources */ = {isa = PBXBuildFile; fileRef = 223BE5871FAE89390012FFD6 /* UIImage+AX.swift */; };
		223BE58B1FAE89390012FFD6 /* UIView+AX.swift in Sources */ = {isa = PBXBuildFile; fileRef = 223BE5881FAE89390012FFD6 /* UIView+AX.swift */; };
		223BE58E1FAE89580012FFD6 /* Constrainer.swift in Sources */ = {isa = PBXBuildFile; fileRef = 223BE58D1FAE89580012FFD6 /* Constrainer.swift */; };
		223BE5901FAE8A530012FFD6 /* Images.xcassets in Resources */ = {isa = PBXBuildFile; fileRef = 223BE58F1FAE8A530012FFD6 /* Images.xcassets */; };
		223BE5921FAE8DCC0012FFD6 /* AXCompatible+UIFont.swift in Sources */ = {isa = PBXBuildFile; fileRef = 223BE5911FAE8DCC0012FFD6 /* AXCompatible+UIFont.swift */; };
		223BE5931FAE8E3A0012FFD6 /* AXCompatible.swift in Sources */ = {isa = PBXBuildFile; fileRef = 221E37411FAE13E3005F0E13 /* AXCompatible.swift */; };
		223BE5941FAE8E3A0012FFD6 /* AXCompatible+Text.swift in Sources */ = {isa = PBXBuildFile; fileRef = 221E37441FAE1CDD005F0E13 /* AXCompatible+Text.swift */; };
		223BE5951FAE8E3A0012FFD6 /* AXCompatible+UIView.swift in Sources */ = {isa = PBXBuildFile; fileRef = 221E37461FAE1D24005F0E13 /* AXCompatible+UIView.swift */; };
		223BE5961FAE8E3A0012FFD6 /* AXCompatible+NSObject.swift in Sources */ = {isa = PBXBuildFile; fileRef = 221E37481FAE1D69005F0E13 /* AXCompatible+NSObject.swift */; };
		224D40F81FB02BC00041A950 /* LoadingLayer.swift in Sources */ = {isa = PBXBuildFile; fileRef = 224D40F71FB02BC00041A950 /* LoadingLayer.swift */; };
		22689B4B1F853FB50044A8CE /* Notification+AX.swift in Sources */ = {isa = PBXBuildFile; fileRef = 22689B4A1F853FB50044A8CE /* Notification+AX.swift */; };
		2290397F1FAE88CF0038989B /* AudioPlayer.swift in Sources */ = {isa = PBXBuildFile; fileRef = 2290397A1FAE88CF0038989B /* AudioPlayer.swift */; };
		229039801FAE88CF0038989B /* DictationManager.swift in Sources */ = {isa = PBXBuildFile; fileRef = 2290397B1FAE88CF0038989B /* DictationManager.swift */; };
		229039811FAE88CF0038989B /* DictationView.swift in Sources */ = {isa = PBXBuildFile; fileRef = 2290397C1FAE88CF0038989B /* DictationView.swift */; };
		229039821FAE88CF0038989B /* DictationViewController.swift in Sources */ = {isa = PBXBuildFile; fileRef = 2290397D1FAE88CF0038989B /* DictationViewController.swift */; };
		229039831FAE88CF0038989B /* Output.swift in Sources */ = {isa = PBXBuildFile; fileRef = 2290397E1FAE88CF0038989B /* Output.swift */; };
		22951EDD1FB2E530002DFF78 /* Dispatchable.swift in Sources */ = {isa = PBXBuildFile; fileRef = 22951EDC1FB2E530002DFF78 /* Dispatchable.swift */; };
		22951EE11FB35649002DFF78 /* DictationReferenceManager.swift in Sources */ = {isa = PBXBuildFile; fileRef = 22951EE01FB35649002DFF78 /* DictationReferenceManager.swift */; };
		2297164D1FB27BD700296910 /* WrappedHashable.swift in Sources */ = {isa = PBXBuildFile; fileRef = 2297164C1FB27BD700296910 /* WrappedHashable.swift */; };
		2297164F1FB27BF900296910 /* ManagedReference.swift in Sources */ = {isa = PBXBuildFile; fileRef = 2297164E1FB27BF900296910 /* ManagedReference.swift */; };
		229716511FB27C3600296910 /* ReferenceManager.swift in Sources */ = {isa = PBXBuildFile; fileRef = 229716501FB27C3600296910 /* ReferenceManager.swift */; };
		22AB4F5B1F84103A00D3BDA9 /* OmniAX.h in Headers */ = {isa = PBXBuildFile; fileRef = 22AB4F591F84103A00D3BDA9 /* OmniAX.h */; settings = {ATTRIBUTES = (Public, ); }; };
		22AB4F7C1F8459CD00D3BDA9 /* Sequence+AX.swift in Sources */ = {isa = PBXBuildFile; fileRef = 22AB4F741F8459CD00D3BDA9 /* Sequence+AX.swift */; };
		22AB4F7D1F8459CD00D3BDA9 /* String+AX.swift in Sources */ = {isa = PBXBuildFile; fileRef = 22AB4F751F8459CD00D3BDA9 /* String+AX.swift */; };
		22AB4F7E1F8459CD00D3BDA9 /* AXFeatures.swift in Sources */ = {isa = PBXBuildFile; fileRef = 22AB4F761F8459CD00D3BDA9 /* AXFeatures.swift */; };
		22AB4F801F8459CD00D3BDA9 /* AX.swift in Sources */ = {isa = PBXBuildFile; fileRef = 22AB4F781F8459CD00D3BDA9 /* AX.swift */; };
		22AB4F811F8459CD00D3BDA9 /* AXMessage.swift in Sources */ = {isa = PBXBuildFile; fileRef = 22AB4F791F8459CD00D3BDA9 /* AXMessage.swift */; };
		22AB4F821F8459CD00D3BDA9 /* AbbreviationTransformer.swift in Sources */ = {isa = PBXBuildFile; fileRef = 22AB4F7A1F8459CD00D3BDA9 /* AbbreviationTransformer.swift */; };
/* End PBXBuildFile section */

/* Begin PBXFileReference section */
		221E37411FAE13E3005F0E13 /* AXCompatible.swift */ = {isa = PBXFileReference; lastKnownFileType = sourcecode.swift; path = AXCompatible.swift; sourceTree = "<group>"; };
		221E37441FAE1CDD005F0E13 /* AXCompatible+Text.swift */ = {isa = PBXFileReference; lastKnownFileType = sourcecode.swift; path = "AXCompatible+Text.swift"; sourceTree = "<group>"; };
		221E37461FAE1D24005F0E13 /* AXCompatible+UIView.swift */ = {isa = PBXFileReference; lastKnownFileType = sourcecode.swift; path = "AXCompatible+UIView.swift"; sourceTree = "<group>"; };
		221E37481FAE1D69005F0E13 /* AXCompatible+NSObject.swift */ = {isa = PBXFileReference; lastKnownFileType = sourcecode.swift; path = "AXCompatible+NSObject.swift"; sourceTree = "<group>"; };
		223BE5841FAE89300012FFD6 /* CGFloat+AX.swift */ = {isa = PBXFileReference; fileEncoding = 4; lastKnownFileType = sourcecode.swift; path = "CGFloat+AX.swift"; sourceTree = "<group>"; };
		223BE5861FAE89390012FFD6 /* UIFont+AX.swift */ = {isa = PBXFileReference; fileEncoding = 4; lastKnownFileType = sourcecode.swift; path = "UIFont+AX.swift"; sourceTree = "<group>"; };
		223BE5871FAE89390012FFD6 /* UIImage+AX.swift */ = {isa = PBXFileReference; fileEncoding = 4; lastKnownFileType = sourcecode.swift; path = "UIImage+AX.swift"; sourceTree = "<group>"; };
		223BE5881FAE89390012FFD6 /* UIView+AX.swift */ = {isa = PBXFileReference; fileEncoding = 4; lastKnownFileType = sourcecode.swift; path = "UIView+AX.swift"; sourceTree = "<group>"; };
		223BE58D1FAE89580012FFD6 /* Constrainer.swift */ = {isa = PBXFileReference; fileEncoding = 4; lastKnownFileType = sourcecode.swift; path = Constrainer.swift; sourceTree = "<group>"; };
		223BE58F1FAE8A530012FFD6 /* Images.xcassets */ = {isa = PBXFileReference; lastKnownFileType = folder.assetcatalog; name = Images.xcassets; path = OmniAX/SupportingFiles/Images.xcassets; sourceTree = SOURCE_ROOT; };
		223BE5911FAE8DCC0012FFD6 /* AXCompatible+UIFont.swift */ = {isa = PBXFileReference; fileEncoding = 4; lastKnownFileType = sourcecode.swift; path = "AXCompatible+UIFont.swift"; sourceTree = "<group>"; };
		224D40F71FB02BC00041A950 /* LoadingLayer.swift */ = {isa = PBXFileReference; lastKnownFileType = sourcecode.swift; path = LoadingLayer.swift; sourceTree = "<group>"; };
		22689B4A1F853FB50044A8CE /* Notification+AX.swift */ = {isa = PBXFileReference; lastKnownFileType = sourcecode.swift; path = "Notification+AX.swift"; sourceTree = "<group>"; };
		2290397A1FAE88CF0038989B /* AudioPlayer.swift */ = {isa = PBXFileReference; fileEncoding = 4; lastKnownFileType = sourcecode.swift; path = AudioPlayer.swift; sourceTree = "<group>"; };
		2290397B1FAE88CF0038989B /* DictationManager.swift */ = {isa = PBXFileReference; fileEncoding = 4; lastKnownFileType = sourcecode.swift; path = DictationManager.swift; sourceTree = "<group>"; };
		2290397C1FAE88CF0038989B /* DictationView.swift */ = {isa = PBXFileReference; fileEncoding = 4; lastKnownFileType = sourcecode.swift; path = DictationView.swift; sourceTree = "<group>"; };
		2290397D1FAE88CF0038989B /* DictationViewController.swift */ = {isa = PBXFileReference; fileEncoding = 4; lastKnownFileType = sourcecode.swift; path = DictationViewController.swift; sourceTree = "<group>"; };
		2290397E1FAE88CF0038989B /* Output.swift */ = {isa = PBXFileReference; fileEncoding = 4; lastKnownFileType = sourcecode.swift; path = Output.swift; sourceTree = "<group>"; };
		22951EDC1FB2E530002DFF78 /* Dispatchable.swift */ = {isa = PBXFileReference; lastKnownFileType = sourcecode.swift; path = Dispatchable.swift; sourceTree = "<group>"; };
		22951EE01FB35649002DFF78 /* DictationReferenceManager.swift */ = {isa = PBXFileReference; lastKnownFileType = sourcecode.swift; path = DictationReferenceManager.swift; sourceTree = "<group>"; };
		22951EE51FB35704002DFF78 /* Usage.md */ = {isa = PBXFileReference; lastKnownFileType = net.daringfireball.markdown; path = Usage.md; sourceTree = "<group>"; };
		2297164C1FB27BD700296910 /* WrappedHashable.swift */ = {isa = PBXFileReference; lastKnownFileType = sourcecode.swift; path = WrappedHashable.swift; sourceTree = "<group>"; };
		2297164E1FB27BF900296910 /* ManagedReference.swift */ = {isa = PBXFileReference; lastKnownFileType = sourcecode.swift; path = ManagedReference.swift; sourceTree = "<group>"; };
		229716501FB27C3600296910 /* ReferenceManager.swift */ = {isa = PBXFileReference; lastKnownFileType = sourcecode.swift; path = ReferenceManager.swift; sourceTree = "<group>"; };
		22AB4F561F84103A00D3BDA9 /* OmniAX.framework */ = {isa = PBXFileReference; explicitFileType = wrapper.framework; includeInIndex = 0; path = OmniAX.framework; sourceTree = BUILT_PRODUCTS_DIR; };
		22AB4F591F84103A00D3BDA9 /* OmniAX.h */ = {isa = PBXFileReference; lastKnownFileType = sourcecode.c.h; path = OmniAX.h; sourceTree = "<group>"; };
		22AB4F5A1F84103A00D3BDA9 /* Info.plist */ = {isa = PBXFileReference; lastKnownFileType = text.plist.xml; path = Info.plist; sourceTree = "<group>"; };
		22AB4F741F8459CD00D3BDA9 /* Sequence+AX.swift */ = {isa = PBXFileReference; fileEncoding = 4; lastKnownFileType = sourcecode.swift; path = "Sequence+AX.swift"; sourceTree = "<group>"; };
		22AB4F751F8459CD00D3BDA9 /* String+AX.swift */ = {isa = PBXFileReference; fileEncoding = 4; lastKnownFileType = sourcecode.swift; path = "String+AX.swift"; sourceTree = "<group>"; };
		22AB4F761F8459CD00D3BDA9 /* AXFeatures.swift */ = {isa = PBXFileReference; fileEncoding = 4; lastKnownFileType = sourcecode.swift; path = AXFeatures.swift; sourceTree = "<group>"; };
		22AB4F781F8459CD00D3BDA9 /* AX.swift */ = {isa = PBXFileReference; fileEncoding = 4; lastKnownFileType = sourcecode.swift; path = AX.swift; sourceTree = "<group>"; };
		22AB4F791F8459CD00D3BDA9 /* AXMessage.swift */ = {isa = PBXFileReference; fileEncoding = 4; lastKnownFileType = sourcecode.swift; path = AXMessage.swift; sourceTree = "<group>"; };
		22AB4F7A1F8459CD00D3BDA9 /* AbbreviationTransformer.swift */ = {isa = PBXFileReference; fileEncoding = 4; lastKnownFileType = sourcecode.swift; path = AbbreviationTransformer.swift; sourceTree = "<group>"; };
/* End PBXFileReference section */

/* Begin PBXFrameworksBuildPhase section */
		22AB4F521F84103A00D3BDA9 /* Frameworks */ = {
			isa = PBXFrameworksBuildPhase;
			buildActionMask = 2147483647;
			files = (
			);
			runOnlyForDeploymentPostprocessing = 0;
		};
/* End PBXFrameworksBuildPhase section */

/* Begin PBXGroup section */
		221E37401FAE13B9005F0E13 /* SupportingFiles */ = {
			isa = PBXGroup;
			children = (
				223BE58F1FAE8A530012FFD6 /* Images.xcassets */,
				22AB4F591F84103A00D3BDA9 /* OmniAX.h */,
				22AB4F5A1F84103A00D3BDA9 /* Info.plist */,
			);
			path = SupportingFiles;
			sourceTree = "<group>";
		};
		221E37431FAE1CC2005F0E13 /* AXCompatible */ = {
			isa = PBXGroup;
			children = (
				223BE5911FAE8DCC0012FFD6 /* AXCompatible+UIFont.swift */,
				221E37411FAE13E3005F0E13 /* AXCompatible.swift */,
				221E37441FAE1CDD005F0E13 /* AXCompatible+Text.swift */,
				221E37461FAE1D24005F0E13 /* AXCompatible+UIView.swift */,
				221E37481FAE1D69005F0E13 /* AXCompatible+NSObject.swift */,
			);
			path = AXCompatible;
			sourceTree = "<group>";
		};
		223BE58C1FAE89580012FFD6 /* Auto Layout */ = {
			isa = PBXGroup;
			children = (
				223BE58D1FAE89580012FFD6 /* Constrainer.swift */,
			);
			path = "Auto Layout";
			sourceTree = "<group>";
		};
		229039791FAE88CF0038989B /* DictationView */ = {
			isa = PBXGroup;
			children = (
				22951EDC1FB2E530002DFF78 /* Dispatchable.swift */,
				2290397E1FAE88CF0038989B /* Output.swift */,
				2290397A1FAE88CF0038989B /* AudioPlayer.swift */,
				2290397B1FAE88CF0038989B /* DictationManager.swift */,
				2290397C1FAE88CF0038989B /* DictationView.swift */,
				2290397D1FAE88CF0038989B /* DictationViewController.swift */,
				22951EE01FB35649002DFF78 /* DictationReferenceManager.swift */,
			);
			path = DictationView;
			sourceTree = "<group>";
		};
		22951EDB1FB2E514002DFF78 /* ManagedReference */ = {
			isa = PBXGroup;
			children = (
				2297164C1FB27BD700296910 /* WrappedHashable.swift */,
				2297164E1FB27BF900296910 /* ManagedReference.swift */,
				229716501FB27C3600296910 /* ReferenceManager.swift */,
			);
			path = ManagedReference;
			sourceTree = "<group>";
		};
		22951EE21FB35662002DFF78 /* Sources */ = {
			isa = PBXGroup;
			children = (
				22951EE31FB3569A002DFF78 /* Core */,
				22951EE61FB35746002DFF78 /* UI */,
				221E37431FAE1CC2005F0E13 /* AXCompatible */,
				229039791FAE88CF0038989B /* DictationView */,
				22951EDB1FB2E514002DFF78 /* ManagedReference */,
				22AB4F731F8459CD00D3BDA9 /* Extensions */,
			);
			path = Sources;
			sourceTree = "<group>";
		};
		22951EE31FB3569A002DFF78 /* Core */ = {
			isa = PBXGroup;
			children = (
				22AB4F7A1F8459CD00D3BDA9 /* AbbreviationTransformer.swift */,
				22AB4F781F8459CD00D3BDA9 /* AX.swift */,
				22AB4F761F8459CD00D3BDA9 /* AXFeatures.swift */,
				22AB4F791F8459CD00D3BDA9 /* AXMessage.swift */,
			);
			path = Core;
			sourceTree = "<group>";
		};
		22951EE41FB356D6002DFF78 /* Docs */ = {
			isa = PBXGroup;
			children = (
				22951EE51FB35704002DFF78 /* Usage.md */,
			);
			path = Docs;
			sourceTree = "<group>";
		};
		22951EE61FB35746002DFF78 /* UI */ = {
			isa = PBXGroup;
			children = (
				223BE58C1FAE89580012FFD6 /* Auto Layout */,
				224D40F71FB02BC00041A950 /* LoadingLayer.swift */,
			);
			path = UI;
			sourceTree = "<group>";
		};
		22AB4F4C1F84103A00D3BDA9 = {
			isa = PBXGroup;
			children = (
				22AB4F581F84103A00D3BDA9 /* OmniAX */,
				22AB4F571F84103A00D3BDA9 /* Products */,
			);
			sourceTree = "<group>";
		};
		22AB4F571F84103A00D3BDA9 /* Products */ = {
			isa = PBXGroup;
			children = (
				22AB4F561F84103A00D3BDA9 /* OmniAX.framework */,
			);
			name = Products;
			sourceTree = "<group>";
		};
		22AB4F581F84103A00D3BDA9 /* OmniAX */ = {
			isa = PBXGroup;
			children = (
				22951EE41FB356D6002DFF78 /* Docs */,
				22951EE21FB35662002DFF78 /* Sources */,
				221E37401FAE13B9005F0E13 /* SupportingFiles */,
			);
			path = OmniAX;
			sourceTree = "<group>";
		};
		22AB4F731F8459CD00D3BDA9 /* Extensions */ = {
			isa = PBXGroup;
			children = (
				223BE5861FAE89390012FFD6 /* UIFont+AX.swift */,
				223BE5871FAE89390012FFD6 /* UIImage+AX.swift */,
				223BE5881FAE89390012FFD6 /* UIView+AX.swift */,
				223BE5841FAE89300012FFD6 /* CGFloat+AX.swift */,
				22AB4F741F8459CD00D3BDA9 /* Sequence+AX.swift */,
				22AB4F751F8459CD00D3BDA9 /* String+AX.swift */,
				22689B4A1F853FB50044A8CE /* Notification+AX.swift */,
			);
			path = Extensions;
			sourceTree = "<group>";
		};
/* End PBXGroup section */

/* Begin PBXHeadersBuildPhase section */
		22AB4F531F84103A00D3BDA9 /* Headers */ = {
			isa = PBXHeadersBuildPhase;
			buildActionMask = 2147483647;
			files = (
				22AB4F5B1F84103A00D3BDA9 /* OmniAX.h in Headers */,
			);
			runOnlyForDeploymentPostprocessing = 0;
		};
/* End PBXHeadersBuildPhase section */

/* Begin PBXNativeTarget section */
		22AB4F551F84103A00D3BDA9 /* OmniAX */ = {
			isa = PBXNativeTarget;
			buildConfigurationList = 22AB4F5E1F84103A00D3BDA9 /* Build configuration list for PBXNativeTarget "OmniAX" */;
			buildPhases = (
				22AB4F511F84103A00D3BDA9 /* Sources */,
				22AB4F521F84103A00D3BDA9 /* Frameworks */,
				22AB4F531F84103A00D3BDA9 /* Headers */,
				22AB4F541F84103A00D3BDA9 /* Resources */,
			);
			buildRules = (
			);
			dependencies = (
			);
			name = OmniAX;
			productName = AX;
			productReference = 22AB4F561F84103A00D3BDA9 /* OmniAX.framework */;
			productType = "com.apple.product-type.framework";
		};
/* End PBXNativeTarget section */

/* Begin PBXProject section */
		22AB4F4D1F84103A00D3BDA9 /* Project object */ = {
			isa = PBXProject;
			attributes = {
				LastUpgradeCheck = 1000;
				ORGANIZATIONNAME = "Dan Loman";
				TargetAttributes = {
					22AB4F551F84103A00D3BDA9 = {
						CreatedOnToolsVersion = 9.0;
						LastSwiftMigration = 0900;
						ProvisioningStyle = Automatic;
					};
				};
			};
			buildConfigurationList = 22AB4F501F84103A00D3BDA9 /* Build configuration list for PBXProject "OmniAX" */;
			compatibilityVersion = "Xcode 8.0";
			developmentRegion = en;
			hasScannedForEncodings = 0;
			knownRegions = (
				en,
			);
			mainGroup = 22AB4F4C1F84103A00D3BDA9;
			productRefGroup = 22AB4F571F84103A00D3BDA9 /* Products */;
			projectDirPath = "";
			projectRoot = "";
			targets = (
				22AB4F551F84103A00D3BDA9 /* OmniAX */,
			);
		};
/* End PBXProject section */

/* Begin PBXResourcesBuildPhase section */
		22AB4F541F84103A00D3BDA9 /* Resources */ = {
			isa = PBXResourcesBuildPhase;
			buildActionMask = 2147483647;
			files = (
				223BE5901FAE8A530012FFD6 /* Images.xcassets in Resources */,
			);
			runOnlyForDeploymentPostprocessing = 0;
		};
/* End PBXResourcesBuildPhase section */

/* Begin PBXSourcesBuildPhase section */
		22AB4F511F84103A00D3BDA9 /* Sources */ = {
			isa = PBXSourcesBuildPhase;
			buildActionMask = 2147483647;
			files = (
				229039831FAE88CF0038989B /* Output.swift in Sources */,
				224D40F81FB02BC00041A950 /* LoadingLayer.swift in Sources */,
				229039811FAE88CF0038989B /* DictationView.swift in Sources */,
				223BE5931FAE8E3A0012FFD6 /* AXCompatible.swift in Sources */,
				223BE5951FAE8E3A0012FFD6 /* AXCompatible+UIView.swift in Sources */,
				223BE5941FAE8E3A0012FFD6 /* AXCompatible+Text.swift in Sources */,
				22AB4F7E1F8459CD00D3BDA9 /* AXFeatures.swift in Sources */,
				223BE58A1FAE89390012FFD6 /* UIImage+AX.swift in Sources */,
				22AB4F821F8459CD00D3BDA9 /* AbbreviationTransformer.swift in Sources */,
				22AB4F801F8459CD00D3BDA9 /* AX.swift in Sources */,
				2297164D1FB27BD700296910 /* WrappedHashable.swift in Sources */,
				223BE5961FAE8E3A0012FFD6 /* AXCompatible+NSObject.swift in Sources */,
				223BE5851FAE89300012FFD6 /* CGFloat+AX.swift in Sources */,
				229716511FB27C3600296910 /* ReferenceManager.swift in Sources */,
				22AB4F7D1F8459CD00D3BDA9 /* String+AX.swift in Sources */,
				223BE5921FAE8DCC0012FFD6 /* AXCompatible+UIFont.swift in Sources */,
				229039821FAE88CF0038989B /* DictationViewController.swift in Sources */,
				22951EE11FB35649002DFF78 /* DictationReferenceManager.swift in Sources */,
				223BE5891FAE89390012FFD6 /* UIFont+AX.swift in Sources */,
				2290397F1FAE88CF0038989B /* AudioPlayer.swift in Sources */,
				22689B4B1F853FB50044A8CE /* Notification+AX.swift in Sources */,
				223BE58E1FAE89580012FFD6 /* Constrainer.swift in Sources */,
				22AB4F7C1F8459CD00D3BDA9 /* Sequence+AX.swift in Sources */,
				22AB4F811F8459CD00D3BDA9 /* AXMessage.swift in Sources */,
				2297164F1FB27BF900296910 /* ManagedReference.swift in Sources */,
				229039801FAE88CF0038989B /* DictationManager.swift in Sources */,
				223BE58B1FAE89390012FFD6 /* UIView+AX.swift in Sources */,
				22951EDD1FB2E530002DFF78 /* Dispatchable.swift in Sources */,
			);
			runOnlyForDeploymentPostprocessing = 0;
		};
/* End PBXSourcesBuildPhase section */

/* Begin XCBuildConfiguration section */
		22AB4F5C1F84103A00D3BDA9 /* Debug */ = {
			isa = XCBuildConfiguration;
			buildSettings = {
				ALWAYS_SEARCH_USER_PATHS = NO;
				CLANG_ANALYZER_NONNULL = YES;
				CLANG_ANALYZER_NUMBER_OBJECT_CONVERSION = YES_AGGRESSIVE;
				CLANG_CXX_LANGUAGE_STANDARD = "gnu++14";
				CLANG_CXX_LIBRARY = "libc++";
				CLANG_ENABLE_MODULES = YES;
				CLANG_ENABLE_OBJC_ARC = YES;
				CLANG_WARN_BLOCK_CAPTURE_AUTORELEASING = YES;
				CLANG_WARN_BOOL_CONVERSION = YES;
				CLANG_WARN_COMMA = YES;
				CLANG_WARN_CONSTANT_CONVERSION = YES;
				CLANG_WARN_DEPRECATED_OBJC_IMPLEMENTATIONS = YES;
				CLANG_WARN_DIRECT_OBJC_ISA_USAGE = YES_ERROR;
				CLANG_WARN_DOCUMENTATION_COMMENTS = YES;
				CLANG_WARN_EMPTY_BODY = YES;
				CLANG_WARN_ENUM_CONVERSION = YES;
				CLANG_WARN_INFINITE_RECURSION = YES;
				CLANG_WARN_INT_CONVERSION = YES;
				CLANG_WARN_NON_LITERAL_NULL_CONVERSION = YES;
				CLANG_WARN_OBJC_IMPLICIT_RETAIN_SELF = YES;
				CLANG_WARN_OBJC_LITERAL_CONVERSION = YES;
				CLANG_WARN_OBJC_ROOT_CLASS = YES_ERROR;
				CLANG_WARN_RANGE_LOOP_ANALYSIS = YES;
				CLANG_WARN_STRICT_PROTOTYPES = YES;
				CLANG_WARN_SUSPICIOUS_MOVE = YES;
				CLANG_WARN_UNGUARDED_AVAILABILITY = YES_AGGRESSIVE;
				CLANG_WARN_UNREACHABLE_CODE = YES;
				CLANG_WARN__DUPLICATE_METHOD_MATCH = YES;
				CODE_SIGN_IDENTITY = "iPhone Developer";
				COPY_PHASE_STRIP = NO;
				CURRENT_PROJECT_VERSION = 1;
				DEBUG_INFORMATION_FORMAT = dwarf;
				ENABLE_STRICT_OBJC_MSGSEND = YES;
				ENABLE_TESTABILITY = YES;
				GCC_C_LANGUAGE_STANDARD = gnu11;
				GCC_DYNAMIC_NO_PIC = NO;
				GCC_NO_COMMON_BLOCKS = YES;
				GCC_OPTIMIZATION_LEVEL = 0;
				GCC_PREPROCESSOR_DEFINITIONS = (
					"DEBUG=1",
					"$(inherited)",
				);
				GCC_WARN_64_TO_32_BIT_CONVERSION = YES;
				GCC_WARN_ABOUT_RETURN_TYPE = YES_ERROR;
				GCC_WARN_UNDECLARED_SELECTOR = YES;
				GCC_WARN_UNINITIALIZED_AUTOS = YES_AGGRESSIVE;
				GCC_WARN_UNUSED_FUNCTION = YES;
				GCC_WARN_UNUSED_VARIABLE = YES;
				IPHONEOS_DEPLOYMENT_TARGET = 11.0;
				MTL_ENABLE_DEBUG_INFO = YES;
				ONLY_ACTIVE_ARCH = YES;
				SDKROOT = iphoneos;
				SWIFT_ACTIVE_COMPILATION_CONDITIONS = DEBUG;
				SWIFT_OPTIMIZATION_LEVEL = "-Onone";
				SWIFT_VERSION = 4.2;
				VERSIONING_SYSTEM = "apple-generic";
				VERSION_INFO_PREFIX = "";
			};
			name = Debug;
		};
		22AB4F5D1F84103A00D3BDA9 /* Release */ = {
			isa = XCBuildConfiguration;
			buildSettings = {
				ALWAYS_SEARCH_USER_PATHS = NO;
				CLANG_ANALYZER_NONNULL = YES;
				CLANG_ANALYZER_NUMBER_OBJECT_CONVERSION = YES_AGGRESSIVE;
				CLANG_CXX_LANGUAGE_STANDARD = "gnu++14";
				CLANG_CXX_LIBRARY = "libc++";
				CLANG_ENABLE_MODULES = YES;
				CLANG_ENABLE_OBJC_ARC = YES;
				CLANG_WARN_BLOCK_CAPTURE_AUTORELEASING = YES;
				CLANG_WARN_BOOL_CONVERSION = YES;
				CLANG_WARN_COMMA = YES;
				CLANG_WARN_CONSTANT_CONVERSION = YES;
				CLANG_WARN_DEPRECATED_OBJC_IMPLEMENTATIONS = YES;
				CLANG_WARN_DIRECT_OBJC_ISA_USAGE = YES_ERROR;
				CLANG_WARN_DOCUMENTATION_COMMENTS = YES;
				CLANG_WARN_EMPTY_BODY = YES;
				CLANG_WARN_ENUM_CONVERSION = YES;
				CLANG_WARN_INFINITE_RECURSION = YES;
				CLANG_WARN_INT_CONVERSION = YES;
				CLANG_WARN_NON_LITERAL_NULL_CONVERSION = YES;
				CLANG_WARN_OBJC_IMPLICIT_RETAIN_SELF = YES;
				CLANG_WARN_OBJC_LITERAL_CONVERSION = YES;
				CLANG_WARN_OBJC_ROOT_CLASS = YES_ERROR;
				CLANG_WARN_RANGE_LOOP_ANALYSIS = YES;
				CLANG_WARN_STRICT_PROTOTYPES = YES;
				CLANG_WARN_SUSPICIOUS_MOVE = YES;
				CLANG_WARN_UNGUARDED_AVAILABILITY = YES_AGGRESSIVE;
				CLANG_WARN_UNREACHABLE_CODE = YES;
				CLANG_WARN__DUPLICATE_METHOD_MATCH = YES;
				CODE_SIGN_IDENTITY = "iPhone Developer";
				COPY_PHASE_STRIP = NO;
				CURRENT_PROJECT_VERSION = 1;
				DEBUG_INFORMATION_FORMAT = "dwarf-with-dsym";
				ENABLE_NS_ASSERTIONS = NO;
				ENABLE_STRICT_OBJC_MSGSEND = YES;
				GCC_C_LANGUAGE_STANDARD = gnu11;
				GCC_NO_COMMON_BLOCKS = YES;
				GCC_WARN_64_TO_32_BIT_CONVERSION = YES;
				GCC_WARN_ABOUT_RETURN_TYPE = YES_ERROR;
				GCC_WARN_UNDECLARED_SELECTOR = YES;
				GCC_WARN_UNINITIALIZED_AUTOS = YES_AGGRESSIVE;
				GCC_WARN_UNUSED_FUNCTION = YES;
				GCC_WARN_UNUSED_VARIABLE = YES;
				IPHONEOS_DEPLOYMENT_TARGET = 11.0;
				MTL_ENABLE_DEBUG_INFO = NO;
				SDKROOT = iphoneos;
				SWIFT_OPTIMIZATION_LEVEL = "-Owholemodule";
				SWIFT_VERSION = 4.2;
				VALIDATE_PRODUCT = YES;
				VERSIONING_SYSTEM = "apple-generic";
				VERSION_INFO_PREFIX = "";
			};
			name = Release;
		};
		22AB4F5F1F84103A00D3BDA9 /* Debug */ = {
			isa = XCBuildConfiguration;
			buildSettings = {
				APPLICATION_EXTENSION_API_ONLY = YES;
				CLANG_ENABLE_MODULES = YES;
				CODE_SIGN_IDENTITY = "";
				"CODE_SIGN_IDENTITY[sdk=iphoneos*]" = "";
				CODE_SIGN_STYLE = Automatic;
				DEFINES_MODULE = YES;
				DEVELOPMENT_TEAM = "";
				DYLIB_COMPATIBILITY_VERSION = 1;
				DYLIB_CURRENT_VERSION = 1;
				DYLIB_INSTALL_NAME_BASE = "@rpath";
				INFOPLIST_FILE = "$(SRCROOT)/OmniAX/SupportingFiles/Info.plist";
				INSTALL_PATH = "$(LOCAL_LIBRARY_DIR)/Frameworks";
				IPHONEOS_DEPLOYMENT_TARGET = 11.0;
				LD_RUNPATH_SEARCH_PATHS = "$(inherited) @executable_path/Frameworks @loader_path/Frameworks";
				PRODUCT_BUNDLE_IDENTIFIER = namolnad.OmniAX;
				PRODUCT_NAME = "$(TARGET_NAME:c99extidentifier)";
				PROVISIONING_PROFILE_SPECIFIER = "";
				SKIP_INSTALL = YES;
				SWIFT_OPTIMIZATION_LEVEL = "-Onone";
				SWIFT_VERSION = 4.2;
				TARGETED_DEVICE_FAMILY = "1,2";
			};
			name = Debug;
		};
		22AB4F601F84103A00D3BDA9 /* Release */ = {
			isa = XCBuildConfiguration;
			buildSettings = {
				APPLICATION_EXTENSION_API_ONLY = YES;
				CLANG_ENABLE_MODULES = YES;
				CODE_SIGN_IDENTITY = "";
				"CODE_SIGN_IDENTITY[sdk=iphoneos*]" = "";
				CODE_SIGN_STYLE = Automatic;
				DEFINES_MODULE = YES;
				DEVELOPMENT_TEAM = "";
				DYLIB_COMPATIBILITY_VERSION = 1;
				DYLIB_CURRENT_VERSION = 1;
				DYLIB_INSTALL_NAME_BASE = "@rpath";
				INFOPLIST_FILE = "$(SRCROOT)/OmniAX/SupportingFiles/Info.plist";
				INSTALL_PATH = "$(LOCAL_LIBRARY_DIR)/Frameworks";
				IPHONEOS_DEPLOYMENT_TARGET = 11.0;
				LD_RUNPATH_SEARCH_PATHS = "$(inherited) @executable_path/Frameworks @loader_path/Frameworks";
				PRODUCT_BUNDLE_IDENTIFIER = namolnad.OmniAX;
				PRODUCT_NAME = "$(TARGET_NAME:c99extidentifier)";
				SKIP_INSTALL = YES;
				SWIFT_VERSION = 4.2;
				TARGETED_DEVICE_FAMILY = "1,2";
			};
			name = Release;
		};
/* End XCBuildConfiguration section */

/* Begin XCConfigurationList section */
		22AB4F501F84103A00D3BDA9 /* Build configuration list for PBXProject "OmniAX" */ = {
			isa = XCConfigurationList;
			buildConfigurations = (
				22AB4F5C1F84103A00D3BDA9 /* Debug */,
				22AB4F5D1F84103A00D3BDA9 /* Release */,
			);
			defaultConfigurationIsVisible = 0;
			defaultConfigurationName = Release;
		};
		22AB4F5E1F84103A00D3BDA9 /* Build configuration list for PBXNativeTarget "OmniAX" */ = {
			isa = XCConfigurationList;
			buildConfigurations = (
				22AB4F5F1F84103A00D3BDA9 /* Debug */,
				22AB4F601F84103A00D3BDA9 /* Release */,
			);
			defaultConfigurationIsVisible = 0;
			defaultConfigurationName = Release;
		};
/* End XCConfigurationList section */
	};
	rootObject = 22AB4F4D1F84103A00D3BDA9 /* Project object */;
}
